PODS:
  - Alamofire (5.6.2)
  - SnapKit (5.6.0)
  - SwiftGen (6.6.2)

DEPENDENCIES:
  - Alamofire
  - SnapKit
  - SwiftGen

SPEC REPOS:
  trunk:
    - Alamofire
    - SnapKit
    - SwiftGen

SPEC CHECKSUMS:
  Alamofire: d368e1ff8a298e6dde360e35a3e68e6c610e7204
  SnapKit: e01d52ebb8ddbc333eefe2132acf85c8227d9c25
  SwiftGen: 1366a7f71aeef49954ca5a63ba4bef6b0f24138c

PODFILE CHECKSUM: 9bb00310a0707795d5a35d4677004ec6a80b0883

COCOAPODS: 1.11.3
