// !$*UTF8*$!
{
	archiveVersion = 1;
	classes = {
	};
	objectVersion = 56;
	objects = {

/* Begin PBXBuildFile section */
		414C77CD32AFC940AA8C2C51 /* Pods_Weather_App.framework in Frameworks */ = {isa = PBXBuildFile; fileRef = 7AC09F4AD6E3978F7175666D /* Pods_Weather_App.framework */; };
		809085B3FABF7CB31351EF9E /* Pods_Weather_App_Weather_AppUITests.framework in Frameworks */ = {isa = PBXBuildFile; fileRef = 2E395E7662ED154824C58F2F /* Pods_Weather_App_Weather_AppUITests.framework */; };
		8F417D22619EB408E27E6FFC /* Pods_Weather_AppTests.framework in Frameworks */ = {isa = PBXBuildFile; fileRef = FF323837B9189497D14D32B6 /* Pods_Weather_AppTests.framework */; };
		E60DBD8029018A4A0077B17A /* AppDelegate.swift in Sources */ = {isa = PBXBuildFile; fileRef = E60DBD7F29018A4A0077B17A /* AppDelegate.swift */; };
		E60DBD8229018A4A0077B17A /* SceneDelegate.swift in Sources */ = {isa = PBXBuildFile; fileRef = E60DBD8129018A4A0077B17A /* SceneDelegate.swift */; };
		E60DBD8429018A4A0077B17A /* ViewController.swift in Sources */ = {isa = PBXBuildFile; fileRef = E60DBD8329018A4A0077B17A /* ViewController.swift */; };
		E60DBD8729018A4A0077B17A /* Main.storyboard in Resources */ = {isa = PBXBuildFile; fileRef = E60DBD8529018A4A0077B17A /* Main.storyboard */; };
		E60DBD8929018A4B0077B17A /* Assets.xcassets in Resources */ = {isa = PBXBuildFile; fileRef = E60DBD8829018A4B0077B17A /* Assets.xcassets */; };
		E60DBD8C29018A4B0077B17A /* LaunchScreen.storyboard in Resources */ = {isa = PBXBuildFile; fileRef = E60DBD8A29018A4B0077B17A /* LaunchScreen.storyboard */; };
		E60DBDA129018A4B0077B17A /* Weather_AppUITests.swift in Sources */ = {isa = PBXBuildFile; fileRef = E60DBDA029018A4B0077B17A /* Weather_AppUITests.swift */; };
		E60DBDA329018A4B0077B17A /* Weather_AppUITestsLaunchTests.swift in Sources */ = {isa = PBXBuildFile; fileRef = E60DBDA229018A4B0077B17A /* Weather_AppUITestsLaunchTests.swift */; };
		E60DBDB129018A8A0077B17A /* DataSource.swift in Sources */ = {isa = PBXBuildFile; fileRef = E60DBDB029018A8A0077B17A /* DataSource.swift */; };
		E60DBDB429018AAB0077B17A /* OpenWeatherDataSource.swift in Sources */ = {isa = PBXBuildFile; fileRef = E60DBDB329018AAB0077B17A /* OpenWeatherDataSource.swift */; };
		E60DBDB729018AD80077B17A /* Location.swift in Sources */ = {isa = PBXBuildFile; fileRef = E60DBDB629018AD80077B17A /* Location.swift */; };
		E60DBDB929018BA20077B17A /* CurrentWeather.swift in Sources */ = {isa = PBXBuildFile; fileRef = E60DBDB829018BA20077B17A /* CurrentWeather.swift */; };
		E60DBDBC29019BC60077B17A /* OpenWeatherDataSourceTests.swift in Sources */ = {isa = PBXBuildFile; fileRef = E60DBDBB29019BC60077B17A /* OpenWeatherDataSourceTests.swift */; };
		E60DBDC429019F400077B17A /* XCTestCase+Combine.swift in Sources */ = {isa = PBXBuildFile; fileRef = E60DBDC329019F400077B17A /* XCTestCase+Combine.swift */; };
		E60DBDC92901A13D0077B17A /* weather_success.json in Resources */ = {isa = PBXBuildFile; fileRef = E60DBDC82901A13D0077B17A /* weather_success.json */; };
		E60DBDCC2901C2490077B17A /* ForecastOverviewViewController.swift in Sources */ = {isa = PBXBuildFile; fileRef = E60DBDCB2901C2490077B17A /* ForecastOverviewViewController.swift */; };
		E60DBDCF2901C2630077B17A /* ForecastOverviewViewModel.swift in Sources */ = {isa = PBXBuildFile; fileRef = E60DBDCE2901C2630077B17A /* ForecastOverviewViewModel.swift */; };
		E60DBDD22901D08F0077B17A /* CurrentWeatherCell.swift in Sources */ = {isa = PBXBuildFile; fileRef = E60DBDD12901D08F0077B17A /* CurrentWeatherCell.swift */; };
		E60DBDD82901D94C0077B17A /* Forecast.swift in Sources */ = {isa = PBXBuildFile; fileRef = E60DBDD72901D94C0077B17A /* Forecast.swift */; };
		E60DBDDA2901DF630077B17A /* Wind.swift in Sources */ = {isa = PBXBuildFile; fileRef = E60DBDD92901DF630077B17A /* Wind.swift */; };
		E60DBDDC2901DF680077B17A /* Clouds.swift in Sources */ = {isa = PBXBuildFile; fileRef = E60DBDDB2901DF680077B17A /* Clouds.swift */; };
		E60DBDDE2901DF6E0077B17A /* Rain.swift in Sources */ = {isa = PBXBuildFile; fileRef = E60DBDDD2901DF6E0077B17A /* Rain.swift */; };
		E60DBDE02901DFAD0077B17A /* ForecastWeather.swift in Sources */ = {isa = PBXBuildFile; fileRef = E60DBDDF2901DFAD0077B17A /* ForecastWeather.swift */; };
		E60DBDE32903193E0077B17A /* UICollectionView+Typecasting.swift in Sources */ = {isa = PBXBuildFile; fileRef = E60DBDE22903193E0077B17A /* UICollectionView+Typecasting.swift */; };
		E60DBDE529031A080077B17A /* Reusable.swift in Sources */ = {isa = PBXBuildFile; fileRef = E60DBDE429031A080077B17A /* Reusable.swift */; };
		E60DBDE729032FD70077B17A /* ForecastCell.swift in Sources */ = {isa = PBXBuildFile; fileRef = E60DBDE629032FD70077B17A /* ForecastCell.swift */; };
		E60DBDE9290338D70077B17A /* DayForecast.swift in Sources */ = {isa = PBXBuildFile; fileRef = E60DBDE8290338D70077B17A /* DayForecast.swift */; };
		E60DBDEB2903420F0077B17A /* 5d_forecast_success.json in Resources */ = {isa = PBXBuildFile; fileRef = E60DBDEA2903420F0077B17A /* 5d_forecast_success.json */; };
		E60DBDF0290348000077B17A /* DayForecastTests.swift in Sources */ = {isa = PBXBuildFile; fileRef = E60DBDEF290348000077B17A /* DayForecastTests.swift */; };
		E60DBDF429034C770077B17A /* ForecastOverviewViewModelImplTests.swift in Sources */ = {isa = PBXBuildFile; fileRef = E60DBDF329034C770077B17A /* ForecastOverviewViewModelImplTests.swift */; };
		E60E761B29043C79005E3FD2 /* Assets.swift in Sources */ = {isa = PBXBuildFile; fileRef = E60E761A29043C79005E3FD2 /* Assets.swift */; };
		E60E761D290445B7005E3FD2 /* WeatherDescription.swift in Sources */ = {isa = PBXBuildFile; fileRef = E60E761C290445B7005E3FD2 /* WeatherDescription.swift */; };
		E622698529044BD400C0EBE7 /* Array+Utilities.swift in Sources */ = {isa = PBXBuildFile; fileRef = E622698429044BD400C0EBE7 /* Array+Utilities.swift */; };
		E6226987290466D000C0EBE7 /* ForecastOverviewViewControllerTests.swift in Sources */ = {isa = PBXBuildFile; fileRef = E6226986290466D000C0EBE7 /* ForecastOverviewViewControllerTests.swift */; };
		E6226989290467BF00C0EBE7 /* MockDataSource.swift in Sources */ = {isa = PBXBuildFile; fileRef = E6226988290467BF00C0EBE7 /* MockDataSource.swift */; };
		E622698B29047BF400C0EBE7 /* NetworkClient.swift in Sources */ = {isa = PBXBuildFile; fileRef = E622698A29047BF400C0EBE7 /* NetworkClient.swift */; };
		E622698D290481D500C0EBE7 /* MockNetworkClient.swift in Sources */ = {isa = PBXBuildFile; fileRef = E622698C290481D500C0EBE7 /* MockNetworkClient.swift */; };
		E622699229058BC500C0EBE7 /* TemperatureRangeView.swift in Sources */ = {isa = PBXBuildFile; fileRef = E622699129058BC500C0EBE7 /* TemperatureRangeView.swift */; };
		E6AEAB18290840700024D4C7 /* CLLocationManager+Combine.swift in Sources */ = {isa = PBXBuildFile; fileRef = E6AEAB17290840700024D4C7 /* CLLocationManager+Combine.swift */; };
		E6AEAB1C290852170024D4C7 /* MockLocationProvider.swift in Sources */ = {isa = PBXBuildFile; fileRef = E6AEAB1B290852170024D4C7 /* MockLocationProvider.swift */; };
		E6AEAB20290852FF0024D4C7 /* StaticLocationProviderTests.swift in Sources */ = {isa = PBXBuildFile; fileRef = E6AEAB1F290852FF0024D4C7 /* StaticLocationProviderTests.swift */; };
		E6E1EF9129058F5900821266 /* UIView+Subviews.swift in Sources */ = {isa = PBXBuildFile; fileRef = E6E1EF9029058F5900821266 /* UIView+Subviews.swift */; };
		E6E1EF93290599F200821266 /* CurrentWeatherCellViewModel.swift in Sources */ = {isa = PBXBuildFile; fileRef = E6E1EF92290599F200821266 /* CurrentWeatherCellViewModel.swift */; };
		E6E1EF9929059B1C00821266 /* CurrentWeatherCellViewModelTests.swift in Sources */ = {isa = PBXBuildFile; fileRef = E6E1EF9829059B1C00821266 /* CurrentWeatherCellViewModelTests.swift */; };
		E6E1EF9C29059B5400821266 /* Fakes.swift in Sources */ = {isa = PBXBuildFile; fileRef = E6E1EF9B29059B5400821266 /* Fakes.swift */; };
		E6E1EF9E29059C8200821266 /* CurrentWeatherCellTests.swift in Sources */ = {isa = PBXBuildFile; fileRef = E6E1EF9D29059C8200821266 /* CurrentWeatherCellTests.swift */; };
		E6E1EFA029059CFC00821266 /* ForecastCellViewModel.swift in Sources */ = {isa = PBXBuildFile; fileRef = E6E1EF9F29059CFC00821266 /* ForecastCellViewModel.swift */; };
		E6E1EFA229059E9400821266 /* DateFormatter+Convenience.swift in Sources */ = {isa = PBXBuildFile; fileRef = E6E1EFA129059E9400821266 /* DateFormatter+Convenience.swift */; };
		E6E1EFA529059EF700821266 /* ForecastCellViewModelTests.swift in Sources */ = {isa = PBXBuildFile; fileRef = E6E1EFA429059EF700821266 /* ForecastCellViewModelTests.swift */; };
		E6E1EFA72905A00800821266 /* ForecastCellTests.swift in Sources */ = {isa = PBXBuildFile; fileRef = E6E1EFA62905A00800821266 /* ForecastCellTests.swift */; };
		E6E1EFAA2905A45D00821266 /* daily_success.json in Resources */ = {isa = PBXBuildFile; fileRef = E6E1EFA92905A45D00821266 /* daily_success.json */; };
		E6E1EFAC2905A46B00821266 /* OpenMeteoDataSourceTests.swift in Sources */ = {isa = PBXBuildFile; fileRef = E6E1EFAB2905A46B00821266 /* OpenMeteoDataSourceTests.swift */; };
		E6E1EFAD2905A46F00821266 /* OpenMeteoDataSource.swift in Sources */ = {isa = PBXBuildFile; fileRef = E622698E290490A600C0EBE7 /* OpenMeteoDataSource.swift */; };
		E6E1EFB42908339200821266 /* LocationProvider.swift in Sources */ = {isa = PBXBuildFile; fileRef = E6E1EFB32908339200821266 /* LocationProvider.swift */; };
		E6E1EFB6290833A300821266 /* StaticLocationProvider.swift in Sources */ = {isa = PBXBuildFile; fileRef = E6E1EFB5290833A300821266 /* StaticLocationProvider.swift */; };
		E6E1EFB8290833B300821266 /* CLLocationProvider.swift in Sources */ = {isa = PBXBuildFile; fileRef = E6E1EFB7290833B300821266 /* CLLocationProvider.swift */; };
/* End PBXBuildFile section */

/* Begin PBXContainerItemProxy section */
		E60DBD9329018A4B0077B17A /* PBXContainerItemProxy */ = {
			isa = PBXContainerItemProxy;
			containerPortal = E60DBD7429018A4A0077B17A /* Project object */;
			proxyType = 1;
			remoteGlobalIDString = E60DBD7B29018A4A0077B17A;
			remoteInfo = "Weather App";
		};
		E60DBD9D29018A4B0077B17A /* PBXContainerItemProxy */ = {
			isa = PBXContainerItemProxy;
			containerPortal = E60DBD7429018A4A0077B17A /* Project object */;
			proxyType = 1;
			remoteGlobalIDString = E60DBD7B29018A4A0077B17A;
			remoteInfo = "Weather App";
		};
/* End PBXContainerItemProxy section */

/* Begin PBXFileReference section */
		11018FD3D656784D7D4041CF /* Pods-Weather App.release.xcconfig */ = {isa = PBXFileReference; includeInIndex = 1; lastKnownFileType = text.xcconfig; name = "Pods-Weather App.release.xcconfig"; path = "Target Support Files/Pods-Weather App/Pods-Weather App.release.xcconfig"; sourceTree = "<group>"; };
		2E395E7662ED154824C58F2F /* Pods_Weather_App_Weather_AppUITests.framework */ = {isa = PBXFileReference; explicitFileType = wrapper.framework; includeInIndex = 0; path = Pods_Weather_App_Weather_AppUITests.framework; sourceTree = BUILT_PRODUCTS_DIR; };
		5091711C8BBC5245C1D4B162 /* Pods-Weather App-Weather AppUITests.release.xcconfig */ = {isa = PBXFileReference; includeInIndex = 1; lastKnownFileType = text.xcconfig; name = "Pods-Weather App-Weather AppUITests.release.xcconfig"; path = "Target Support Files/Pods-Weather App-Weather AppUITests/Pods-Weather App-Weather AppUITests.release.xcconfig"; sourceTree = "<group>"; };
		5B7EA3AA744FE5957B82523B /* Pods-Weather AppTests.debug.xcconfig */ = {isa = PBXFileReference; includeInIndex = 1; lastKnownFileType = text.xcconfig; name = "Pods-Weather AppTests.debug.xcconfig"; path = "Target Support Files/Pods-Weather AppTests/Pods-Weather AppTests.debug.xcconfig"; sourceTree = "<group>"; };
		7AC09F4AD6E3978F7175666D /* Pods_Weather_App.framework */ = {isa = PBXFileReference; explicitFileType = wrapper.framework; includeInIndex = 0; path = Pods_Weather_App.framework; sourceTree = BUILT_PRODUCTS_DIR; };
		8249D2F5C8E647E45E313C11 /* Pods-Weather App.debug.xcconfig */ = {isa = PBXFileReference; includeInIndex = 1; lastKnownFileType = text.xcconfig; name = "Pods-Weather App.debug.xcconfig"; path = "Target Support Files/Pods-Weather App/Pods-Weather App.debug.xcconfig"; sourceTree = "<group>"; };
		82CCE448D0F7FC6DB4001D8D /* Pods-Weather App-Weather AppUITests.debug.xcconfig */ = {isa = PBXFileReference; includeInIndex = 1; lastKnownFileType = text.xcconfig; name = "Pods-Weather App-Weather AppUITests.debug.xcconfig"; path = "Target Support Files/Pods-Weather App-Weather AppUITests/Pods-Weather App-Weather AppUITests.debug.xcconfig"; sourceTree = "<group>"; };
		9EFDE4CC34CD1DFEBE54935F /* Pods-Weather AppTests.release.xcconfig */ = {isa = PBXFileReference; includeInIndex = 1; lastKnownFileType = text.xcconfig; name = "Pods-Weather AppTests.release.xcconfig"; path = "Target Support Files/Pods-Weather AppTests/Pods-Weather AppTests.release.xcconfig"; sourceTree = "<group>"; };
		E60DBD7C29018A4A0077B17A /* Weather App.app */ = {isa = PBXFileReference; explicitFileType = wrapper.application; includeInIndex = 0; path = "Weather App.app"; sourceTree = BUILT_PRODUCTS_DIR; };
		E60DBD7F29018A4A0077B17A /* AppDelegate.swift */ = {isa = PBXFileReference; lastKnownFileType = sourcecode.swift; path = AppDelegate.swift; sourceTree = "<group>"; };
		E60DBD8129018A4A0077B17A /* SceneDelegate.swift */ = {isa = PBXFileReference; lastKnownFileType = sourcecode.swift; path = SceneDelegate.swift; sourceTree = "<group>"; };
		E60DBD8329018A4A0077B17A /* ViewController.swift */ = {isa = PBXFileReference; lastKnownFileType = sourcecode.swift; path = ViewController.swift; sourceTree = "<group>"; };
		E60DBD8629018A4A0077B17A /* Base */ = {isa = PBXFileReference; lastKnownFileType = file.storyboard; name = Base; path = Base.lproj/Main.storyboard; sourceTree = "<group>"; };
		E60DBD8829018A4B0077B17A /* Assets.xcassets */ = {isa = PBXFileReference; lastKnownFileType = folder.assetcatalog; path = Assets.xcassets; sourceTree = "<group>"; };
		E60DBD8B29018A4B0077B17A /* Base */ = {isa = PBXFileReference; lastKnownFileType = file.storyboard; name = Base; path = Base.lproj/LaunchScreen.storyboard; sourceTree = "<group>"; };
		E60DBD8D29018A4B0077B17A /* Info.plist */ = {isa = PBXFileReference; lastKnownFileType = text.plist.xml; path = Info.plist; sourceTree = "<group>"; };
		E60DBD9229018A4B0077B17A /* Weather AppTests.xctest */ = {isa = PBXFileReference; explicitFileType = wrapper.cfbundle; includeInIndex = 0; path = "Weather AppTests.xctest"; sourceTree = BUILT_PRODUCTS_DIR; };
		E60DBD9C29018A4B0077B17A /* Weather AppUITests.xctest */ = {isa = PBXFileReference; explicitFileType = wrapper.cfbundle; includeInIndex = 0; path = "Weather AppUITests.xctest"; sourceTree = BUILT_PRODUCTS_DIR; };
		E60DBDA029018A4B0077B17A /* Weather_AppUITests.swift */ = {isa = PBXFileReference; lastKnownFileType = sourcecode.swift; path = Weather_AppUITests.swift; sourceTree = "<group>"; };
		E60DBDA229018A4B0077B17A /* Weather_AppUITestsLaunchTests.swift */ = {isa = PBXFileReference; lastKnownFileType = sourcecode.swift; path = Weather_AppUITestsLaunchTests.swift; sourceTree = "<group>"; };
		E60DBDB029018A8A0077B17A /* DataSource.swift */ = {isa = PBXFileReference; lastKnownFileType = sourcecode.swift; path = DataSource.swift; sourceTree = "<group>"; };
		E60DBDB329018AAB0077B17A /* OpenWeatherDataSource.swift */ = {isa = PBXFileReference; lastKnownFileType = sourcecode.swift; path = OpenWeatherDataSource.swift; sourceTree = "<group>"; };
		E60DBDB629018AD80077B17A /* Location.swift */ = {isa = PBXFileReference; lastKnownFileType = sourcecode.swift; path = Location.swift; sourceTree = "<group>"; };
		E60DBDB829018BA20077B17A /* CurrentWeather.swift */ = {isa = PBXFileReference; lastKnownFileType = sourcecode.swift; path = CurrentWeather.swift; sourceTree = "<group>"; };
		E60DBDBB29019BC60077B17A /* OpenWeatherDataSourceTests.swift */ = {isa = PBXFileReference; lastKnownFileType = sourcecode.swift; path = OpenWeatherDataSourceTests.swift; sourceTree = "<group>"; };
		E60DBDC329019F400077B17A /* XCTestCase+Combine.swift */ = {isa = PBXFileReference; lastKnownFileType = sourcecode.swift; path = "XCTestCase+Combine.swift"; sourceTree = "<group>"; };
		E60DBDC82901A13D0077B17A /* weather_success.json */ = {isa = PBXFileReference; fileEncoding = 4; lastKnownFileType = text.json; path = weather_success.json; sourceTree = "<group>"; };
		E60DBDCB2901C2490077B17A /* ForecastOverviewViewController.swift */ = {isa = PBXFileReference; lastKnownFileType = sourcecode.swift; path = ForecastOverviewViewController.swift; sourceTree = "<group>"; };
		E60DBDCE2901C2630077B17A /* ForecastOverviewViewModel.swift */ = {isa = PBXFileReference; lastKnownFileType = sourcecode.swift; path = ForecastOverviewViewModel.swift; sourceTree = "<group>"; };
		E60DBDD12901D08F0077B17A /* CurrentWeatherCell.swift */ = {isa = PBXFileReference; lastKnownFileType = sourcecode.swift; path = CurrentWeatherCell.swift; sourceTree = "<group>"; };
		E60DBDD72901D94C0077B17A /* Forecast.swift */ = {isa = PBXFileReference; lastKnownFileType = sourcecode.swift; path = Forecast.swift; sourceTree = "<group>"; };
		E60DBDD92901DF630077B17A /* Wind.swift */ = {isa = PBXFileReference; lastKnownFileType = sourcecode.swift; path = Wind.swift; sourceTree = "<group>"; };
		E60DBDDB2901DF680077B17A /* Clouds.swift */ = {isa = PBXFileReference; lastKnownFileType = sourcecode.swift; path = Clouds.swift; sourceTree = "<group>"; };
		E60DBDDD2901DF6E0077B17A /* Rain.swift */ = {isa = PBXFileReference; lastKnownFileType = sourcecode.swift; path = Rain.swift; sourceTree = "<group>"; };
		E60DBDDF2901DFAD0077B17A /* ForecastWeather.swift */ = {isa = PBXFileReference; lastKnownFileType = sourcecode.swift; path = ForecastWeather.swift; sourceTree = "<group>"; };
		E60DBDE22903193E0077B17A /* UICollectionView+Typecasting.swift */ = {isa = PBXFileReference; lastKnownFileType = sourcecode.swift; path = "UICollectionView+Typecasting.swift"; sourceTree = "<group>"; };
		E60DBDE429031A080077B17A /* Reusable.swift */ = {isa = PBXFileReference; lastKnownFileType = sourcecode.swift; path = Reusable.swift; sourceTree = "<group>"; };
		E60DBDE629032FD70077B17A /* ForecastCell.swift */ = {isa = PBXFileReference; lastKnownFileType = sourcecode.swift; path = ForecastCell.swift; sourceTree = "<group>"; };
		E60DBDE8290338D70077B17A /* DayForecast.swift */ = {isa = PBXFileReference; lastKnownFileType = sourcecode.swift; path = DayForecast.swift; sourceTree = "<group>"; };
		E60DBDEA2903420F0077B17A /* 5d_forecast_success.json */ = {isa = PBXFileReference; fileEncoding = 4; lastKnownFileType = text.json; path = 5d_forecast_success.json; sourceTree = "<group>"; };
		E60DBDEF290348000077B17A /* DayForecastTests.swift */ = {isa = PBXFileReference; lastKnownFileType = sourcecode.swift; path = DayForecastTests.swift; sourceTree = "<group>"; };
		E60DBDF329034C770077B17A /* ForecastOverviewViewModelImplTests.swift */ = {isa = PBXFileReference; lastKnownFileType = sourcecode.swift; path = ForecastOverviewViewModelImplTests.swift; sourceTree = "<group>"; };
		E60DBDF5290432B10077B17A /* Playground.playground */ = {isa = PBXFileReference; lastKnownFileType = file.playground; path = Playground.playground; sourceTree = "<group>"; xcLanguageSpecificationIdentifier = xcode.lang.swift; };
		E60E761A29043C79005E3FD2 /* Assets.swift */ = {isa = PBXFileReference; fileEncoding = 4; lastKnownFileType = sourcecode.swift; path = Assets.swift; sourceTree = "<group>"; };
		E60E761C290445B7005E3FD2 /* WeatherDescription.swift */ = {isa = PBXFileReference; lastKnownFileType = sourcecode.swift; path = WeatherDescription.swift; sourceTree = "<group>"; };
		E622698429044BD400C0EBE7 /* Array+Utilities.swift */ = {isa = PBXFileReference; lastKnownFileType = sourcecode.swift; path = "Array+Utilities.swift"; sourceTree = "<group>"; };
		E6226986290466D000C0EBE7 /* ForecastOverviewViewControllerTests.swift */ = {isa = PBXFileReference; lastKnownFileType = sourcecode.swift; path = ForecastOverviewViewControllerTests.swift; sourceTree = "<group>"; };
		E6226988290467BF00C0EBE7 /* MockDataSource.swift */ = {isa = PBXFileReference; lastKnownFileType = sourcecode.swift; path = MockDataSource.swift; sourceTree = "<group>"; };
		E622698A29047BF400C0EBE7 /* NetworkClient.swift */ = {isa = PBXFileReference; lastKnownFileType = sourcecode.swift; path = NetworkClient.swift; sourceTree = "<group>"; };
		E622698C290481D500C0EBE7 /* MockNetworkClient.swift */ = {isa = PBXFileReference; lastKnownFileType = sourcecode.swift; path = MockNetworkClient.swift; sourceTree = "<group>"; };
		E622698E290490A600C0EBE7 /* OpenMeteoDataSource.swift */ = {isa = PBXFileReference; lastKnownFileType = sourcecode.swift; path = OpenMeteoDataSource.swift; sourceTree = "<group>"; };
		E622699129058BC500C0EBE7 /* TemperatureRangeView.swift */ = {isa = PBXFileReference; lastKnownFileType = sourcecode.swift; path = TemperatureRangeView.swift; sourceTree = "<group>"; };
		E6AEAB17290840700024D4C7 /* CLLocationManager+Combine.swift */ = {isa = PBXFileReference; lastKnownFileType = sourcecode.swift; path = "CLLocationManager+Combine.swift"; sourceTree = "<group>"; };
		E6AEAB1B290852170024D4C7 /* MockLocationProvider.swift */ = {isa = PBXFileReference; lastKnownFileType = sourcecode.swift; path = MockLocationProvider.swift; sourceTree = "<group>"; };
		E6AEAB1F290852FF0024D4C7 /* StaticLocationProviderTests.swift */ = {isa = PBXFileReference; lastKnownFileType = sourcecode.swift; path = StaticLocationProviderTests.swift; sourceTree = "<group>"; };
		E6E1EF9029058F5900821266 /* UIView+Subviews.swift */ = {isa = PBXFileReference; lastKnownFileType = sourcecode.swift; path = "UIView+Subviews.swift"; sourceTree = "<group>"; };
		E6E1EF92290599F200821266 /* CurrentWeatherCellViewModel.swift */ = {isa = PBXFileReference; lastKnownFileType = sourcecode.swift; path = CurrentWeatherCellViewModel.swift; sourceTree = "<group>"; };
		E6E1EF9829059B1C00821266 /* CurrentWeatherCellViewModelTests.swift */ = {isa = PBXFileReference; lastKnownFileType = sourcecode.swift; path = CurrentWeatherCellViewModelTests.swift; sourceTree = "<group>"; };
		E6E1EF9B29059B5400821266 /* Fakes.swift */ = {isa = PBXFileReference; lastKnownFileType = sourcecode.swift; path = Fakes.swift; sourceTree = "<group>"; };
		E6E1EF9D29059C8200821266 /* CurrentWeatherCellTests.swift */ = {isa = PBXFileReference; lastKnownFileType = sourcecode.swift; path = CurrentWeatherCellTests.swift; sourceTree = "<group>"; };
		E6E1EF9F29059CFC00821266 /* ForecastCellViewModel.swift */ = {isa = PBXFileReference; lastKnownFileType = sourcecode.swift; path = ForecastCellViewModel.swift; sourceTree = "<group>"; };
		E6E1EFA129059E9400821266 /* DateFormatter+Convenience.swift */ = {isa = PBXFileReference; lastKnownFileType = sourcecode.swift; path = "DateFormatter+Convenience.swift"; sourceTree = "<group>"; };
		E6E1EFA429059EF700821266 /* ForecastCellViewModelTests.swift */ = {isa = PBXFileReference; lastKnownFileType = sourcecode.swift; path = ForecastCellViewModelTests.swift; sourceTree = "<group>"; };
		E6E1EFA62905A00800821266 /* ForecastCellTests.swift */ = {isa = PBXFileReference; lastKnownFileType = sourcecode.swift; path = ForecastCellTests.swift; sourceTree = "<group>"; };
		E6E1EFA92905A45D00821266 /* daily_success.json */ = {isa = PBXFileReference; fileEncoding = 4; lastKnownFileType = text.json; path = daily_success.json; sourceTree = "<group>"; };
		E6E1EFAB2905A46B00821266 /* OpenMeteoDataSourceTests.swift */ = {isa = PBXFileReference; lastKnownFileType = sourcecode.swift; path = OpenMeteoDataSourceTests.swift; sourceTree = "<group>"; };
		E6E1EFB32908339200821266 /* LocationProvider.swift */ = {isa = PBXFileReference; lastKnownFileType = sourcecode.swift; path = LocationProvider.swift; sourceTree = "<group>"; };
		E6E1EFB5290833A300821266 /* StaticLocationProvider.swift */ = {isa = PBXFileReference; lastKnownFileType = sourcecode.swift; path = StaticLocationProvider.swift; sourceTree = "<group>"; };
		E6E1EFB7290833B300821266 /* CLLocationProvider.swift */ = {isa = PBXFileReference; lastKnownFileType = sourcecode.swift; path = CLLocationProvider.swift; sourceTree = "<group>"; };
		FF323837B9189497D14D32B6 /* Pods_Weather_AppTests.framework */ = {isa = PBXFileReference; explicitFileType = wrapper.framework; includeInIndex = 0; path = Pods_Weather_AppTests.framework; sourceTree = BUILT_PRODUCTS_DIR; };
/* End PBXFileReference section */

/* Begin PBXFrameworksBuildPhase section */
		E60DBD7929018A4A0077B17A /* Frameworks */ = {
			isa = PBXFrameworksBuildPhase;
			buildActionMask = 2147483647;
			files = (
				414C77CD32AFC940AA8C2C51 /* Pods_Weather_App.framework in Frameworks */,
			);
			runOnlyForDeploymentPostprocessing = 0;
		};
		E60DBD8F29018A4B0077B17A /* Frameworks */ = {
			isa = PBXFrameworksBuildPhase;
			buildActionMask = 2147483647;
			files = (
				8F417D22619EB408E27E6FFC /* Pods_Weather_AppTests.framework in Frameworks */,
			);
			runOnlyForDeploymentPostprocessing = 0;
		};
		E60DBD9929018A4B0077B17A /* Frameworks */ = {
			isa = PBXFrameworksBuildPhase;
			buildActionMask = 2147483647;
			files = (
				809085B3FABF7CB31351EF9E /* Pods_Weather_App_Weather_AppUITests.framework in Frameworks */,
			);
			runOnlyForDeploymentPostprocessing = 0;
		};
/* End PBXFrameworksBuildPhase section */

/* Begin PBXGroup section */
		30B9C2F1BEBA401B40A16E9F /* Frameworks */ = {
			isa = PBXGroup;
			children = (
				7AC09F4AD6E3978F7175666D /* Pods_Weather_App.framework */,
				2E395E7662ED154824C58F2F /* Pods_Weather_App_Weather_AppUITests.framework */,
				FF323837B9189497D14D32B6 /* Pods_Weather_AppTests.framework */,
			);
			name = Frameworks;
			sourceTree = "<group>";
		};
		7AD10DD6A36896484805F4D8 /* Pods */ = {
			isa = PBXGroup;
			children = (
				8249D2F5C8E647E45E313C11 /* Pods-Weather App.debug.xcconfig */,
				11018FD3D656784D7D4041CF /* Pods-Weather App.release.xcconfig */,
				82CCE448D0F7FC6DB4001D8D /* Pods-Weather App-Weather AppUITests.debug.xcconfig */,
				5091711C8BBC5245C1D4B162 /* Pods-Weather App-Weather AppUITests.release.xcconfig */,
				5B7EA3AA744FE5957B82523B /* Pods-Weather AppTests.debug.xcconfig */,
				9EFDE4CC34CD1DFEBE54935F /* Pods-Weather AppTests.release.xcconfig */,
			);
			path = Pods;
			sourceTree = "<group>";
		};
		E60DBD7329018A4A0077B17A = {
			isa = PBXGroup;
			children = (
				E60DBDF5290432B10077B17A /* Playground.playground */,
				E60DBD7E29018A4A0077B17A /* Weather App */,
				E60DBD9529018A4B0077B17A /* Weather AppTests */,
				E60DBD9F29018A4B0077B17A /* Weather AppUITests */,
				E60DBD7D29018A4A0077B17A /* Products */,
				7AD10DD6A36896484805F4D8 /* Pods */,
				30B9C2F1BEBA401B40A16E9F /* Frameworks */,
			);
			sourceTree = "<group>";
		};
		E60DBD7D29018A4A0077B17A /* Products */ = {
			isa = PBXGroup;
			children = (
				E60DBD7C29018A4A0077B17A /* Weather App.app */,
				E60DBD9229018A4B0077B17A /* Weather AppTests.xctest */,
				E60DBD9C29018A4B0077B17A /* Weather AppUITests.xctest */,
			);
			name = Products;
			sourceTree = "<group>";
		};
		E60DBD7E29018A4A0077B17A /* Weather App */ = {
			isa = PBXGroup;
			children = (
				E60DBDE1290319290077B17A /* Utilities */,
				E60DBDCA2901C2360077B17A /* Screens */,
				E60DBDB529018ACF0077B17A /* Models */,
				E60DBDAF29018A7A0077B17A /* Data Sources */,
				E60DBD7F29018A4A0077B17A /* AppDelegate.swift */,
				E60DBD8129018A4A0077B17A /* SceneDelegate.swift */,
				E60DBD8329018A4A0077B17A /* ViewController.swift */,
				E60DBD8529018A4A0077B17A /* Main.storyboard */,
				E60DBD8829018A4B0077B17A /* Assets.xcassets */,
				E60DBD8A29018A4B0077B17A /* LaunchScreen.storyboard */,
				E60DBD8D29018A4B0077B17A /* Info.plist */,
			);
			path = "Weather App";
			sourceTree = "<group>";
		};
		E60DBD9529018A4B0077B17A /* Weather AppTests */ = {
			isa = PBXGroup;
			children = (
				E6AEAB1D290852ED0024D4C7 /* Utilities */,
				E6E1EF9A29059B4B00821266 /* Test Data */,
				E60DBDF129034C660077B17A /* Screens */,
				E60DBDC52901A13D0077B17A /* Resources */,
				E60DBDEE290347F50077B17A /* Models */,
				E60DBDC229019F370077B17A /* Test Utils */,
				E60DBDBA29019BB00077B17A /* Data Sources */,
			);
			path = "Weather AppTests";
			sourceTree = "<group>";
		};
		E60DBD9F29018A4B0077B17A /* Weather AppUITests */ = {
			isa = PBXGroup;
			children = (
				E60DBDA029018A4B0077B17A /* Weather_AppUITests.swift */,
				E60DBDA229018A4B0077B17A /* Weather_AppUITestsLaunchTests.swift */,
			);
			path = "Weather AppUITests";
			sourceTree = "<group>";
		};
		E60DBDAF29018A7A0077B17A /* Data Sources */ = {
			isa = PBXGroup;
			children = (
				E60DBDB229018A9A0077B17A /* Implementations */,
				E60DBDB029018A8A0077B17A /* DataSource.swift */,
				E622698A29047BF400C0EBE7 /* NetworkClient.swift */,
			);
			path = "Data Sources";
			sourceTree = "<group>";
		};
		E60DBDB229018A9A0077B17A /* Implementations */ = {
			isa = PBXGroup;
			children = (
				E60DBDB329018AAB0077B17A /* OpenWeatherDataSource.swift */,
				E622698E290490A600C0EBE7 /* OpenMeteoDataSource.swift */,
			);
			path = Implementations;
			sourceTree = "<group>";
		};
		E60DBDB529018ACF0077B17A /* Models */ = {
			isa = PBXGroup;
			children = (
				E60DBDB629018AD80077B17A /* Location.swift */,
				E60DBDB829018BA20077B17A /* CurrentWeather.swift */,
				E60DBDDF2901DFAD0077B17A /* ForecastWeather.swift */,
				E60DBDD72901D94C0077B17A /* Forecast.swift */,
				E60DBDD92901DF630077B17A /* Wind.swift */,
				E60DBDDB2901DF680077B17A /* Clouds.swift */,
				E60DBDDD2901DF6E0077B17A /* Rain.swift */,
				E60DBDE8290338D70077B17A /* DayForecast.swift */,
				E60E761C290445B7005E3FD2 /* WeatherDescription.swift */,
			);
			path = Models;
			sourceTree = "<group>";
		};
		E60DBDBA29019BB00077B17A /* Data Sources */ = {
			isa = PBXGroup;
			children = (
				E60DBDBB29019BC60077B17A /* OpenWeatherDataSourceTests.swift */,
				E6E1EFAB2905A46B00821266 /* OpenMeteoDataSourceTests.swift */,
			);
			path = "Data Sources";
			sourceTree = "<group>";
		};
		E60DBDC229019F370077B17A /* Test Utils */ = {
			isa = PBXGroup;
			children = (
				E60DBDC329019F400077B17A /* XCTestCase+Combine.swift */,
				E6226988290467BF00C0EBE7 /* MockDataSource.swift */,
				E622698C290481D500C0EBE7 /* MockNetworkClient.swift */,
				E6AEAB1B290852170024D4C7 /* MockLocationProvider.swift */,
			);
			path = "Test Utils";
			sourceTree = "<group>";
		};
		E60DBDC52901A13D0077B17A /* Resources */ = {
			isa = PBXGroup;
			children = (
				E60DBDC62901A13D0077B17A /* Responses */,
			);
			path = Resources;
			sourceTree = "<group>";
		};
		E60DBDC62901A13D0077B17A /* Responses */ = {
			isa = PBXGroup;
			children = (
				E6E1EFA82905A45D00821266 /* OpenMeteo */,
				E60DBDC72901A13D0077B17A /* OpenWeather */,
			);
			path = Responses;
			sourceTree = "<group>";
		};
		E60DBDC72901A13D0077B17A /* OpenWeather */ = {
			isa = PBXGroup;
			children = (
				E60DBDEA2903420F0077B17A /* 5d_forecast_success.json */,
				E60DBDC82901A13D0077B17A /* weather_success.json */,
			);
			path = OpenWeather;
			sourceTree = "<group>";
		};
		E60DBDCA2901C2360077B17A /* Screens */ = {
			isa = PBXGroup;
			children = (
				E60DBDCD2901C2500077B17A /* Overview */,
			);
			path = Screens;
			sourceTree = "<group>";
		};
		E60DBDCD2901C2500077B17A /* Overview */ = {
			isa = PBXGroup;
			children = (
				E60DBDD02901D0850077B17A /* UI */,
				E60DBDCB2901C2490077B17A /* ForecastOverviewViewController.swift */,
				E60DBDCE2901C2630077B17A /* ForecastOverviewViewModel.swift */,
			);
			path = Overview;
			sourceTree = "<group>";
		};
		E60DBDD02901D0850077B17A /* UI */ = {
			isa = PBXGroup;
			children = (
				E6E1EF9529059AFD00821266 /* Forecast */,
				E6E1EF9429059AED00821266 /* Current Weather */,
				E622699129058BC500C0EBE7 /* TemperatureRangeView.swift */,
			);
			path = UI;
			sourceTree = "<group>";
		};
		E60DBDE1290319290077B17A /* Utilities */ = {
			isa = PBXGroup;
			children = (
				E6E1EFB22908338600821266 /* Location */,
				E6E1EFB12908337100821266 /* Protocols */,
				E6E1EFAE2908335100821266 /* Extensions */,
				E60E761A29043C79005E3FD2 /* Assets.swift */,
			);
			path = Utilities;
			sourceTree = "<group>";
		};
		E60DBDEE290347F50077B17A /* Models */ = {
			isa = PBXGroup;
			children = (
				E60DBDEF290348000077B17A /* DayForecastTests.swift */,
			);
			path = Models;
			sourceTree = "<group>";
		};
		E60DBDF129034C660077B17A /* Screens */ = {
			isa = PBXGroup;
			children = (
				E60DBDF229034C6C0077B17A /* Overview */,
			);
			path = Screens;
			sourceTree = "<group>";
		};
		E60DBDF229034C6C0077B17A /* Overview */ = {
			isa = PBXGroup;
			children = (
				E6E1EF9629059B0900821266 /* UI */,
				E60DBDF329034C770077B17A /* ForecastOverviewViewModelImplTests.swift */,
				E6226986290466D000C0EBE7 /* ForecastOverviewViewControllerTests.swift */,
			);
			path = Overview;
			sourceTree = "<group>";
		};
		E6AEAB1D290852ED0024D4C7 /* Utilities */ = {
			isa = PBXGroup;
			children = (
				E6AEAB1E290852F40024D4C7 /* Location */,
			);
			path = Utilities;
			sourceTree = "<group>";
		};
		E6AEAB1E290852F40024D4C7 /* Location */ = {
			isa = PBXGroup;
			children = (
				E6AEAB1F290852FF0024D4C7 /* StaticLocationProviderTests.swift */,
			);
			path = Location;
			sourceTree = "<group>";
		};
		E6E1EF9429059AED00821266 /* Current Weather */ = {
			isa = PBXGroup;
			children = (
				E60DBDD12901D08F0077B17A /* CurrentWeatherCell.swift */,
				E6E1EF92290599F200821266 /* CurrentWeatherCellViewModel.swift */,
			);
			path = "Current Weather";
			sourceTree = "<group>";
		};
		E6E1EF9529059AFD00821266 /* Forecast */ = {
			isa = PBXGroup;
			children = (
				E60DBDE629032FD70077B17A /* ForecastCell.swift */,
				E6E1EF9F29059CFC00821266 /* ForecastCellViewModel.swift */,
			);
			path = Forecast;
			sourceTree = "<group>";
		};
		E6E1EF9629059B0900821266 /* UI */ = {
			isa = PBXGroup;
			children = (
				E6E1EFA329059EEA00821266 /* Forecast */,
				E6E1EF9729059B0F00821266 /* Current Weather */,
			);
			path = UI;
			sourceTree = "<group>";
		};
		E6E1EF9729059B0F00821266 /* Current Weather */ = {
			isa = PBXGroup;
			children = (
				E6E1EF9829059B1C00821266 /* CurrentWeatherCellViewModelTests.swift */,
				E6E1EF9D29059C8200821266 /* CurrentWeatherCellTests.swift */,
			);
			path = "Current Weather";
			sourceTree = "<group>";
		};
		E6E1EF9A29059B4B00821266 /* Test Data */ = {
			isa = PBXGroup;
			children = (
				E6E1EF9B29059B5400821266 /* Fakes.swift */,
			);
			path = "Test Data";
			sourceTree = "<group>";
		};
		E6E1EFA329059EEA00821266 /* Forecast */ = {
			isa = PBXGroup;
			children = (
				E6E1EFA429059EF700821266 /* ForecastCellViewModelTests.swift */,
				E6E1EFA62905A00800821266 /* ForecastCellTests.swift */,
			);
			path = Forecast;
			sourceTree = "<group>";
		};
		E6E1EFA82905A45D00821266 /* OpenMeteo */ = {
			isa = PBXGroup;
			children = (
				E6E1EFA92905A45D00821266 /* daily_success.json */,
			);
			path = OpenMeteo;
			sourceTree = "<group>";
		};
		E6E1EFAE2908335100821266 /* Extensions */ = {
			isa = PBXGroup;
			children = (
				E622698429044BD400C0EBE7 /* Array+Utilities.swift */,
				E6E1EF9029058F5900821266 /* UIView+Subviews.swift */,
				E6E1EFA129059E9400821266 /* DateFormatter+Convenience.swift */,
				E60DBDE22903193E0077B17A /* UICollectionView+Typecasting.swift */,
				E6AEAB17290840700024D4C7 /* CLLocationManager+Combine.swift */,
			);
			path = Extensions;
			sourceTree = "<group>";
		};
		E6E1EFB12908337100821266 /* Protocols */ = {
			isa = PBXGroup;
			children = (
				E60DBDE429031A080077B17A /* Reusable.swift */,
			);
			path = Protocols;
			sourceTree = "<group>";
		};
		E6E1EFB22908338600821266 /* Location */ = {
			isa = PBXGroup;
			children = (
				E6E1EFB32908339200821266 /* LocationProvider.swift */,
				E6E1EFB5290833A300821266 /* StaticLocationProvider.swift */,
				E6E1EFB7290833B300821266 /* CLLocationProvider.swift */,
			);
			path = Location;
			sourceTree = "<group>";
		};
/* End PBXGroup section */

/* Begin PBXNativeTarget section */
		E60DBD7B29018A4A0077B17A /* Weather App */ = {
			isa = PBXNativeTarget;
			buildConfigurationList = E60DBDA629018A4B0077B17A /* Build configuration list for PBXNativeTarget "Weather App" */;
			buildPhases = (
				7D157A473AB734821EA24A1C /* [CP] Check Pods Manifest.lock */,
				E60E761929043A4C005E3FD2 /* ShellScript */,
				E60DBD7829018A4A0077B17A /* Sources */,
				E60DBD7929018A4A0077B17A /* Frameworks */,
				E60DBD7A29018A4A0077B17A /* Resources */,
				5B3C31283579D2F420B535A1 /* [CP] Embed Pods Frameworks */,
			);
			buildRules = (
			);
			dependencies = (
			);
			name = "Weather App";
			productName = "Weather App";
			productReference = E60DBD7C29018A4A0077B17A /* Weather App.app */;
			productType = "com.apple.product-type.application";
		};
		E60DBD9129018A4B0077B17A /* Weather AppTests */ = {
			isa = PBXNativeTarget;
			buildConfigurationList = E60DBDA929018A4B0077B17A /* Build configuration list for PBXNativeTarget "Weather AppTests" */;
			buildPhases = (
				57290489AA5799E0D7A85767 /* [CP] Check Pods Manifest.lock */,
				E60DBD8E29018A4B0077B17A /* Sources */,
				E60DBD8F29018A4B0077B17A /* Frameworks */,
				E60DBD9029018A4B0077B17A /* Resources */,
			);
			buildRules = (
			);
			dependencies = (
				E60DBD9429018A4B0077B17A /* PBXTargetDependency */,
			);
			name = "Weather AppTests";
			productName = "Weather AppTests";
			productReference = E60DBD9229018A4B0077B17A /* Weather AppTests.xctest */;
			productType = "com.apple.product-type.bundle.unit-test";
		};
		E60DBD9B29018A4B0077B17A /* Weather AppUITests */ = {
			isa = PBXNativeTarget;
			buildConfigurationList = E60DBDAC29018A4B0077B17A /* Build configuration list for PBXNativeTarget "Weather AppUITests" */;
			buildPhases = (
				BE53E9C644E420832399EF7A /* [CP] Check Pods Manifest.lock */,
				E60DBD9829018A4B0077B17A /* Sources */,
				E60DBD9929018A4B0077B17A /* Frameworks */,
				E60DBD9A29018A4B0077B17A /* Resources */,
				72BDE2AE6CED789E5902E462 /* [CP] Embed Pods Frameworks */,
			);
			buildRules = (
			);
			dependencies = (
				E60DBD9E29018A4B0077B17A /* PBXTargetDependency */,
			);
			name = "Weather AppUITests";
			productName = "Weather AppUITests";
			productReference = E60DBD9C29018A4B0077B17A /* Weather AppUITests.xctest */;
			productType = "com.apple.product-type.bundle.ui-testing";
		};
/* End PBXNativeTarget section */

/* Begin PBXProject section */
		E60DBD7429018A4A0077B17A /* Project object */ = {
			isa = PBXProject;
			attributes = {
				BuildIndependentTargetsInParallel = 1;
				LastSwiftUpdateCheck = 1400;
				LastUpgradeCheck = 1400;
				TargetAttributes = {
					E60DBD7B29018A4A0077B17A = {
						CreatedOnToolsVersion = 14.0.1;
					};
					E60DBD9129018A4B0077B17A = {
						CreatedOnToolsVersion = 14.0.1;
						TestTargetID = E60DBD7B29018A4A0077B17A;
					};
					E60DBD9B29018A4B0077B17A = {
						CreatedOnToolsVersion = 14.0.1;
						TestTargetID = E60DBD7B29018A4A0077B17A;
					};
				};
			};
			buildConfigurationList = E60DBD7729018A4A0077B17A /* Build configuration list for PBXProject "Weather App" */;
			compatibilityVersion = "Xcode 14.0";
			developmentRegion = en;
			hasScannedForEncodings = 0;
			knownRegions = (
				en,
				Base,
			);
			mainGroup = E60DBD7329018A4A0077B17A;
			productRefGroup = E60DBD7D29018A4A0077B17A /* Products */;
			projectDirPath = "";
			projectRoot = "";
			targets = (
				E60DBD7B29018A4A0077B17A /* Weather App */,
				E60DBD9129018A4B0077B17A /* Weather AppTests */,
				E60DBD9B29018A4B0077B17A /* Weather AppUITests */,
			);
		};
/* End PBXProject section */

/* Begin PBXResourcesBuildPhase section */
		E60DBD7A29018A4A0077B17A /* Resources */ = {
			isa = PBXResourcesBuildPhase;
			buildActionMask = 2147483647;
			files = (
				E60DBD8C29018A4B0077B17A /* LaunchScreen.storyboard in Resources */,
				E60DBD8929018A4B0077B17A /* Assets.xcassets in Resources */,
				E60DBD8729018A4A0077B17A /* Main.storyboard in Resources */,
			);
			runOnlyForDeploymentPostprocessing = 0;
		};
		E60DBD9029018A4B0077B17A /* Resources */ = {
			isa = PBXResourcesBuildPhase;
			buildActionMask = 2147483647;
			files = (
				E60DBDC92901A13D0077B17A /* weather_success.json in Resources */,
				E60DBDEB2903420F0077B17A /* 5d_forecast_success.json in Resources */,
				E6E1EFAA2905A45D00821266 /* daily_success.json in Resources */,
			);
			runOnlyForDeploymentPostprocessing = 0;
		};
		E60DBD9A29018A4B0077B17A /* Resources */ = {
			isa = PBXResourcesBuildPhase;
			buildActionMask = 2147483647;
			files = (
			);
			runOnlyForDeploymentPostprocessing = 0;
		};
/* End PBXResourcesBuildPhase section */

/* Begin PBXShellScriptBuildPhase section */
		57290489AA5799E0D7A85767 /* [CP] Check Pods Manifest.lock */ = {
			isa = PBXShellScriptBuildPhase;
			buildActionMask = 2147483647;
			files = (
			);
			inputFileListPaths = (
			);
			inputPaths = (
				"${PODS_PODFILE_DIR_PATH}/Podfile.lock",
				"${PODS_ROOT}/Manifest.lock",
			);
			name = "[CP] Check Pods Manifest.lock";
			outputFileListPaths = (
			);
			outputPaths = (
				"$(DERIVED_FILE_DIR)/Pods-Weather AppTests-checkManifestLockResult.txt",
			);
			runOnlyForDeploymentPostprocessing = 0;
			shellPath = /bin/sh;
			shellScript = "diff \"${PODS_PODFILE_DIR_PATH}/Podfile.lock\" \"${PODS_ROOT}/Manifest.lock\" > /dev/null\nif [ $? != 0 ] ; then\n    # print error to STDERR\n    echo \"error: The sandbox is not in sync with the Podfile.lock. Run 'pod install' or update your CocoaPods installation.\" >&2\n    exit 1\nfi\n# This output is used by Xcode 'outputs' to avoid re-running this script phase.\necho \"SUCCESS\" > \"${SCRIPT_OUTPUT_FILE_0}\"\n";
			showEnvVarsInLog = 0;
		};
		5B3C31283579D2F420B535A1 /* [CP] Embed Pods Frameworks */ = {
			isa = PBXShellScriptBuildPhase;
			buildActionMask = 2147483647;
			files = (
			);
			inputFileListPaths = (
				"${PODS_ROOT}/Target Support Files/Pods-Weather App/Pods-Weather App-frameworks-${CONFIGURATION}-input-files.xcfilelist",
			);
			name = "[CP] Embed Pods Frameworks";
			outputFileListPaths = (
				"${PODS_ROOT}/Target Support Files/Pods-Weather App/Pods-Weather App-frameworks-${CONFIGURATION}-output-files.xcfilelist",
			);
			runOnlyForDeploymentPostprocessing = 0;
			shellPath = /bin/sh;
			shellScript = "\"${PODS_ROOT}/Target Support Files/Pods-Weather App/Pods-Weather App-frameworks.sh\"\n";
			showEnvVarsInLog = 0;
		};
		72BDE2AE6CED789E5902E462 /* [CP] Embed Pods Frameworks */ = {
			isa = PBXShellScriptBuildPhase;
			buildActionMask = 2147483647;
			files = (
			);
			inputFileListPaths = (
				"${PODS_ROOT}/Target Support Files/Pods-Weather App-Weather AppUITests/Pods-Weather App-Weather AppUITests-frameworks-${CONFIGURATION}-input-files.xcfilelist",
			);
			name = "[CP] Embed Pods Frameworks";
			outputFileListPaths = (
				"${PODS_ROOT}/Target Support Files/Pods-Weather App-Weather AppUITests/Pods-Weather App-Weather AppUITests-frameworks-${CONFIGURATION}-output-files.xcfilelist",
			);
			runOnlyForDeploymentPostprocessing = 0;
			shellPath = /bin/sh;
			shellScript = "\"${PODS_ROOT}/Target Support Files/Pods-Weather App-Weather AppUITests/Pods-Weather App-Weather AppUITests-frameworks.sh\"\n";
			showEnvVarsInLog = 0;
		};
		7D157A473AB734821EA24A1C /* [CP] Check Pods Manifest.lock */ = {
			isa = PBXShellScriptBuildPhase;
			buildActionMask = 2147483647;
			files = (
			);
			inputFileListPaths = (
			);
			inputPaths = (
				"${PODS_PODFILE_DIR_PATH}/Podfile.lock",
				"${PODS_ROOT}/Manifest.lock",
			);
			name = "[CP] Check Pods Manifest.lock";
			outputFileListPaths = (
			);
			outputPaths = (
				"$(DERIVED_FILE_DIR)/Pods-Weather App-checkManifestLockResult.txt",
			);
			runOnlyForDeploymentPostprocessing = 0;
			shellPath = /bin/sh;
			shellScript = "diff \"${PODS_PODFILE_DIR_PATH}/Podfile.lock\" \"${PODS_ROOT}/Manifest.lock\" > /dev/null\nif [ $? != 0 ] ; then\n    # print error to STDERR\n    echo \"error: The sandbox is not in sync with the Podfile.lock. Run 'pod install' or update your CocoaPods installation.\" >&2\n    exit 1\nfi\n# This output is used by Xcode 'outputs' to avoid re-running this script phase.\necho \"SUCCESS\" > \"${SCRIPT_OUTPUT_FILE_0}\"\n";
			showEnvVarsInLog = 0;
		};
		BE53E9C644E420832399EF7A /* [CP] Check Pods Manifest.lock */ = {
			isa = PBXShellScriptBuildPhase;
			buildActionMask = 2147483647;
			files = (
			);
			inputFileListPaths = (
			);
			inputPaths = (
				"${PODS_PODFILE_DIR_PATH}/Podfile.lock",
				"${PODS_ROOT}/Manifest.lock",
			);
			name = "[CP] Check Pods Manifest.lock";
			outputFileListPaths = (
			);
			outputPaths = (
				"$(DERIVED_FILE_DIR)/Pods-Weather App-Weather AppUITests-checkManifestLockResult.txt",
			);
			runOnlyForDeploymentPostprocessing = 0;
			shellPath = /bin/sh;
			shellScript = "diff \"${PODS_PODFILE_DIR_PATH}/Podfile.lock\" \"${PODS_ROOT}/Manifest.lock\" > /dev/null\nif [ $? != 0 ] ; then\n    # print error to STDERR\n    echo \"error: The sandbox is not in sync with the Podfile.lock. Run 'pod install' or update your CocoaPods installation.\" >&2\n    exit 1\nfi\n# This output is used by Xcode 'outputs' to avoid re-running this script phase.\necho \"SUCCESS\" > \"${SCRIPT_OUTPUT_FILE_0}\"\n";
			showEnvVarsInLog = 0;
		};
		E60E761929043A4C005E3FD2 /* ShellScript */ = {
			isa = PBXShellScriptBuildPhase;
			buildActionMask = 2147483647;
			files = (
			);
			inputFileListPaths = (
			);
			inputPaths = (
			);
			outputFileListPaths = (
			);
			outputPaths = (
				"$(DERIVED_FILE_DIR)/Weather App/Utilities/Assets.swift",
			);
			runOnlyForDeploymentPostprocessing = 0;
			shellPath = "/bin/sh -e";
			shellScript = "\"$PODS_ROOT/SwiftGen/bin/swiftgen\"\n";
		};
/* End PBXShellScriptBuildPhase section */

/* Begin PBXSourcesBuildPhase section */
		E60DBD7829018A4A0077B17A /* Sources */ = {
			isa = PBXSourcesBuildPhase;
			buildActionMask = 2147483647;
			files = (
				E6E1EFA229059E9400821266 /* DateFormatter+Convenience.swift in Sources */,
				E6E1EFB6290833A300821266 /* StaticLocationProvider.swift in Sources */,
				E60DBDE529031A080077B17A /* Reusable.swift in Sources */,
				E60E761D290445B7005E3FD2 /* WeatherDescription.swift in Sources */,
				E60DBDE02901DFAD0077B17A /* ForecastWeather.swift in Sources */,
				E622699229058BC500C0EBE7 /* TemperatureRangeView.swift in Sources */,
				E6E1EFB8290833B300821266 /* CLLocationProvider.swift in Sources */,
				E60DBD8429018A4A0077B17A /* ViewController.swift in Sources */,
				E60DBDDE2901DF6E0077B17A /* Rain.swift in Sources */,
				E60DBDE729032FD70077B17A /* ForecastCell.swift in Sources */,
				E60DBDCF2901C2630077B17A /* ForecastOverviewViewModel.swift in Sources */,
				E6E1EFB42908339200821266 /* LocationProvider.swift in Sources */,
				E60DBDB429018AAB0077B17A /* OpenWeatherDataSource.swift in Sources */,
				E60DBDE9290338D70077B17A /* DayForecast.swift in Sources */,
				E60DBDDC2901DF680077B17A /* Clouds.swift in Sources */,
				E622698529044BD400C0EBE7 /* Array+Utilities.swift in Sources */,
				E60DBD8029018A4A0077B17A /* AppDelegate.swift in Sources */,
				E60DBDB129018A8A0077B17A /* DataSource.swift in Sources */,
				E60DBDE32903193E0077B17A /* UICollectionView+Typecasting.swift in Sources */,
				E60DBDCC2901C2490077B17A /* ForecastOverviewViewController.swift in Sources */,
				E60DBDB729018AD80077B17A /* Location.swift in Sources */,
				E60DBD8229018A4A0077B17A /* SceneDelegate.swift in Sources */,
				E60DBDB929018BA20077B17A /* CurrentWeather.swift in Sources */,
				E6E1EF93290599F200821266 /* CurrentWeatherCellViewModel.swift in Sources */,
				E6E1EF9129058F5900821266 /* UIView+Subviews.swift in Sources */,
				E60DBDD82901D94C0077B17A /* Forecast.swift in Sources */,
				E60DBDD22901D08F0077B17A /* CurrentWeatherCell.swift in Sources */,
				E6E1EFA029059CFC00821266 /* ForecastCellViewModel.swift in Sources */,
				E60E761B29043C79005E3FD2 /* Assets.swift in Sources */,
				E6E1EFAD2905A46F00821266 /* OpenMeteoDataSource.swift in Sources */,
				E622698B29047BF400C0EBE7 /* NetworkClient.swift in Sources */,
				E6AEAB18290840700024D4C7 /* CLLocationManager+Combine.swift in Sources */,
				E60DBDDA2901DF630077B17A /* Wind.swift in Sources */,
			);
			runOnlyForDeploymentPostprocessing = 0;
		};
		E60DBD8E29018A4B0077B17A /* Sources */ = {
			isa = PBXSourcesBuildPhase;
			buildActionMask = 2147483647;
			files = (
				E6226989290467BF00C0EBE7 /* MockDataSource.swift in Sources */,
				E60DBDF429034C770077B17A /* ForecastOverviewViewModelImplTests.swift in Sources */,
				E6E1EF9C29059B5400821266 /* Fakes.swift in Sources */,
				E6AEAB1C290852170024D4C7 /* MockLocationProvider.swift in Sources */,
				E6E1EFA529059EF700821266 /* ForecastCellViewModelTests.swift in Sources */,
				E6E1EFA72905A00800821266 /* ForecastCellTests.swift in Sources */,
				E60DBDBC29019BC60077B17A /* OpenWeatherDataSourceTests.swift in Sources */,
				E6AEAB20290852FF0024D4C7 /* StaticLocationProviderTests.swift in Sources */,
				E6E1EF9E29059C8200821266 /* CurrentWeatherCellTests.swift in Sources */,
				E6E1EF9929059B1C00821266 /* CurrentWeatherCellViewModelTests.swift in Sources */,
				E60DBDC429019F400077B17A /* XCTestCase+Combine.swift in Sources */,
				E6226987290466D000C0EBE7 /* ForecastOverviewViewControllerTests.swift in Sources */,
				E6E1EFAC2905A46B00821266 /* OpenMeteoDataSourceTests.swift in Sources */,
				E622698D290481D500C0EBE7 /* MockNetworkClient.swift in Sources */,
				E60DBDF0290348000077B17A /* DayForecastTests.swift in Sources */,
			);
			runOnlyForDeploymentPostprocessing = 0;
		};
		E60DBD9829018A4B0077B17A /* Sources */ = {
			isa = PBXSourcesBuildPhase;
			buildActionMask = 2147483647;
			files = (
				E60DBDA129018A4B0077B17A /* Weather_AppUITests.swift in Sources */,
				E60DBDA329018A4B0077B17A /* Weather_AppUITestsLaunchTests.swift in Sources */,
			);
			runOnlyForDeploymentPostprocessing = 0;
		};
/* End PBXSourcesBuildPhase section */

/* Begin PBXTargetDependency section */
		E60DBD9429018A4B0077B17A /* PBXTargetDependency */ = {
			isa = PBXTargetDependency;
			target = E60DBD7B29018A4A0077B17A /* Weather App */;
			targetProxy = E60DBD9329018A4B0077B17A /* PBXContainerItemProxy */;
		};
		E60DBD9E29018A4B0077B17A /* PBXTargetDependency */ = {
			isa = PBXTargetDependency;
			target = E60DBD7B29018A4A0077B17A /* Weather App */;
			targetProxy = E60DBD9D29018A4B0077B17A /* PBXContainerItemProxy */;
		};
/* End PBXTargetDependency section */

/* Begin PBXVariantGroup section */
		E60DBD8529018A4A0077B17A /* Main.storyboard */ = {
			isa = PBXVariantGroup;
			children = (
				E60DBD8629018A4A0077B17A /* Base */,
			);
			name = Main.storyboard;
			sourceTree = "<group>";
		};
		E60DBD8A29018A4B0077B17A /* LaunchScreen.storyboard */ = {
			isa = PBXVariantGroup;
			children = (
				E60DBD8B29018A4B0077B17A /* Base */,
			);
			name = LaunchScreen.storyboard;
			sourceTree = "<group>";
		};
/* End PBXVariantGroup section */

/* Begin XCBuildConfiguration section */
		E60DBDA429018A4B0077B17A /* Debug */ = {
			isa = XCBuildConfiguration;
			buildSettings = {
				ALWAYS_SEARCH_USER_PATHS = NO;
				CLANG_ANALYZER_NONNULL = YES;
				CLANG_ANALYZER_NUMBER_OBJECT_CONVERSION = YES_AGGRESSIVE;
				CLANG_CXX_LANGUAGE_STANDARD = "gnu++20";
				CLANG_ENABLE_MODULES = YES;
				CLANG_ENABLE_OBJC_ARC = YES;
				CLANG_ENABLE_OBJC_WEAK = YES;
				CLANG_WARN_BLOCK_CAPTURE_AUTORELEASING = YES;
				CLANG_WARN_BOOL_CONVERSION = YES;
				CLANG_WARN_COMMA = YES;
				CLANG_WARN_CONSTANT_CONVERSION = YES;
				CLANG_WARN_DEPRECATED_OBJC_IMPLEMENTATIONS = YES;
				CLANG_WARN_DIRECT_OBJC_ISA_USAGE = YES_ERROR;
				CLANG_WARN_DOCUMENTATION_COMMENTS = YES;
				CLANG_WARN_EMPTY_BODY = YES;
				CLANG_WARN_ENUM_CONVERSION = YES;
				CLANG_WARN_INFINITE_RECURSION = YES;
				CLANG_WARN_INT_CONVERSION = YES;
				CLANG_WARN_NON_LITERAL_NULL_CONVERSION = YES;
				CLANG_WARN_OBJC_IMPLICIT_RETAIN_SELF = YES;
				CLANG_WARN_OBJC_LITERAL_CONVERSION = YES;
				CLANG_WARN_OBJC_ROOT_CLASS = YES_ERROR;
				CLANG_WARN_QUOTED_INCLUDE_IN_FRAMEWORK_HEADER = YES;
				CLANG_WARN_RANGE_LOOP_ANALYSIS = YES;
				CLANG_WARN_STRICT_PROTOTYPES = YES;
				CLANG_WARN_SUSPICIOUS_MOVE = YES;
				CLANG_WARN_UNGUARDED_AVAILABILITY = YES_AGGRESSIVE;
				CLANG_WARN_UNREACHABLE_CODE = YES;
				CLANG_WARN__DUPLICATE_METHOD_MATCH = YES;
				COPY_PHASE_STRIP = NO;
				DEBUG_INFORMATION_FORMAT = dwarf;
				ENABLE_STRICT_OBJC_MSGSEND = YES;
				ENABLE_TESTABILITY = YES;
				GCC_C_LANGUAGE_STANDARD = gnu11;
				GCC_DYNAMIC_NO_PIC = NO;
				GCC_NO_COMMON_BLOCKS = YES;
				GCC_OPTIMIZATION_LEVEL = 0;
				GCC_PREPROCESSOR_DEFINITIONS = (
					"DEBUG=1",
					"$(inherited)",
				);
				GCC_WARN_64_TO_32_BIT_CONVERSION = YES;
				GCC_WARN_ABOUT_RETURN_TYPE = YES_ERROR;
				GCC_WARN_UNDECLARED_SELECTOR = YES;
				GCC_WARN_UNINITIALIZED_AUTOS = YES_AGGRESSIVE;
				GCC_WARN_UNUSED_FUNCTION = YES;
				GCC_WARN_UNUSED_VARIABLE = YES;
				IPHONEOS_DEPLOYMENT_TARGET = 16.0;
				MTL_ENABLE_DEBUG_INFO = INCLUDE_SOURCE;
				MTL_FAST_MATH = YES;
				ONLY_ACTIVE_ARCH = YES;
				SDKROOT = iphoneos;
				SWIFT_ACTIVE_COMPILATION_CONDITIONS = DEBUG;
				SWIFT_OPTIMIZATION_LEVEL = "-Onone";
			};
			name = Debug;
		};
		E60DBDA529018A4B0077B17A /* Release */ = {
			isa = XCBuildConfiguration;
			buildSettings = {
				ALWAYS_SEARCH_USER_PATHS = NO;
				CLANG_ANALYZER_NONNULL = YES;
				CLANG_ANALYZER_NUMBER_OBJECT_CONVERSION = YES_AGGRESSIVE;
				CLANG_CXX_LANGUAGE_STANDARD = "gnu++20";
				CLANG_ENABLE_MODULES = YES;
				CLANG_ENABLE_OBJC_ARC = YES;
				CLANG_ENABLE_OBJC_WEAK = YES;
				CLANG_WARN_BLOCK_CAPTURE_AUTORELEASING = YES;
				CLANG_WARN_BOOL_CONVERSION = YES;
				CLANG_WARN_COMMA = YES;
				CLANG_WARN_CONSTANT_CONVERSION = YES;
				CLANG_WARN_DEPRECATED_OBJC_IMPLEMENTATIONS = YES;
				CLANG_WARN_DIRECT_OBJC_ISA_USAGE = YES_ERROR;
				CLANG_WARN_DOCUMENTATION_COMMENTS = YES;
				CLANG_WARN_EMPTY_BODY = YES;
				CLANG_WARN_ENUM_CONVERSION = YES;
				CLANG_WARN_INFINITE_RECURSION = YES;
				CLANG_WARN_INT_CONVERSION = YES;
				CLANG_WARN_NON_LITERAL_NULL_CONVERSION = YES;
				CLANG_WARN_OBJC_IMPLICIT_RETAIN_SELF = YES;
				CLANG_WARN_OBJC_LITERAL_CONVERSION = YES;
				CLANG_WARN_OBJC_ROOT_CLASS = YES_ERROR;
				CLANG_WARN_QUOTED_INCLUDE_IN_FRAMEWORK_HEADER = YES;
				CLANG_WARN_RANGE_LOOP_ANALYSIS = YES;
				CLANG_WARN_STRICT_PROTOTYPES = YES;
				CLANG_WARN_SUSPICIOUS_MOVE = YES;
				CLANG_WARN_UNGUARDED_AVAILABILITY = YES_AGGRESSIVE;
				CLANG_WARN_UNREACHABLE_CODE = YES;
				CLANG_WARN__DUPLICATE_METHOD_MATCH = YES;
				COPY_PHASE_STRIP = NO;
				DEBUG_INFORMATION_FORMAT = "dwarf-with-dsym";
				ENABLE_NS_ASSERTIONS = NO;
				ENABLE_STRICT_OBJC_MSGSEND = YES;
				GCC_C_LANGUAGE_STANDARD = gnu11;
				GCC_NO_COMMON_BLOCKS = YES;
				GCC_WARN_64_TO_32_BIT_CONVERSION = YES;
				GCC_WARN_ABOUT_RETURN_TYPE = YES_ERROR;
				GCC_WARN_UNDECLARED_SELECTOR = YES;
				GCC_WARN_UNINITIALIZED_AUTOS = YES_AGGRESSIVE;
				GCC_WARN_UNUSED_FUNCTION = YES;
				GCC_WARN_UNUSED_VARIABLE = YES;
				IPHONEOS_DEPLOYMENT_TARGET = 16.0;
				MTL_ENABLE_DEBUG_INFO = NO;
				MTL_FAST_MATH = YES;
				SDKROOT = iphoneos;
				SWIFT_COMPILATION_MODE = wholemodule;
				SWIFT_OPTIMIZATION_LEVEL = "-O";
				VALIDATE_PRODUCT = YES;
			};
			name = Release;
		};
		E60DBDA729018A4B0077B17A /* Debug */ = {
			isa = XCBuildConfiguration;
			baseConfigurationReference = 8249D2F5C8E647E45E313C11 /* Pods-Weather App.debug.xcconfig */;
			buildSettings = {
				ASSETCATALOG_COMPILER_APPICON_NAME = AppIcon;
				ASSETCATALOG_COMPILER_GLOBAL_ACCENT_COLOR_NAME = AccentColor;
				CODE_SIGN_STYLE = Automatic;
				CURRENT_PROJECT_VERSION = 1;
				GENERATE_INFOPLIST_FILE = YES;
				INFOPLIST_FILE = "Weather App/Info.plist";
				INFOPLIST_KEY_UIApplicationSupportsIndirectInputEvents = YES;
				INFOPLIST_KEY_UILaunchStoryboardName = LaunchScreen;
				INFOPLIST_KEY_UIMainStoryboardFile = Main;
				INFOPLIST_KEY_UIStatusBarStyle = UIStatusBarStyleLightContent;
				INFOPLIST_KEY_UISupportedInterfaceOrientations_iPad = "UIInterfaceOrientationPortrait UIInterfaceOrientationPortraitUpsideDown UIInterfaceOrientationLandscapeLeft UIInterfaceOrientationLandscapeRight";
				INFOPLIST_KEY_UISupportedInterfaceOrientations_iPhone = "UIInterfaceOrientationPortrait UIInterfaceOrientationLandscapeLeft UIInterfaceOrientationLandscapeRight";
				LD_RUNPATH_SEARCH_PATHS = (
					"$(inherited)",
					"@executable_path/Frameworks",
				);
				MARKETING_VERSION = 1.0;
				PRODUCT_BUNDLE_IDENTIFIER = "com.timspecht.Weather-App";
				PRODUCT_NAME = "$(TARGET_NAME)";
				SWIFT_EMIT_LOC_STRINGS = YES;
				SWIFT_VERSION = 5.0;
				TARGETED_DEVICE_FAMILY = "1,2";
			};
			name = Debug;
		};
		E60DBDA829018A4B0077B17A /* Release */ = {
			isa = XCBuildConfiguration;
			baseConfigurationReference = 11018FD3D656784D7D4041CF /* Pods-Weather App.release.xcconfig */;
			buildSettings = {
				ASSETCATALOG_COMPILER_APPICON_NAME = AppIcon;
				ASSETCATALOG_COMPILER_GLOBAL_ACCENT_COLOR_NAME = AccentColor;
				CODE_SIGN_STYLE = Automatic;
				CURRENT_PROJECT_VERSION = 1;
				GENERATE_INFOPLIST_FILE = YES;
				INFOPLIST_FILE = "Weather App/Info.plist";
				INFOPLIST_KEY_UIApplicationSupportsIndirectInputEvents = YES;
				INFOPLIST_KEY_UILaunchStoryboardName = LaunchScreen;
				INFOPLIST_KEY_UIMainStoryboardFile = Main;
				INFOPLIST_KEY_UIStatusBarStyle = UIStatusBarStyleLightContent;
				INFOPLIST_KEY_UISupportedInterfaceOrientations_iPad = "UIInterfaceOrientationPortrait UIInterfaceOrientationPortraitUpsideDown UIInterfaceOrientationLandscapeLeft UIInterfaceOrientationLandscapeRight";
				INFOPLIST_KEY_UISupportedInterfaceOrientations_iPhone = "UIInterfaceOrientationPortrait UIInterfaceOrientationLandscapeLeft UIInterfaceOrientationLandscapeRight";
				LD_RUNPATH_SEARCH_PATHS = (
					"$(inherited)",
					"@executable_path/Frameworks",
				);
				MARKETING_VERSION = 1.0;
				PRODUCT_BUNDLE_IDENTIFIER = "com.timspecht.Weather-App";
				PRODUCT_NAME = "$(TARGET_NAME)";
				SWIFT_EMIT_LOC_STRINGS = YES;
				SWIFT_VERSION = 5.0;
				TARGETED_DEVICE_FAMILY = "1,2";
			};
			name = Release;
		};
		E60DBDAA29018A4B0077B17A /* Debug */ = {
			isa = XCBuildConfiguration;
			baseConfigurationReference = 5B7EA3AA744FE5957B82523B /* Pods-Weather AppTests.debug.xcconfig */;
			buildSettings = {
				ALWAYS_EMBED_SWIFT_STANDARD_LIBRARIES = YES;
				BUNDLE_LOADER = "$(TEST_HOST)";
				CODE_SIGN_STYLE = Automatic;
				CURRENT_PROJECT_VERSION = 1;
				GENERATE_INFOPLIST_FILE = YES;
				IPHONEOS_DEPLOYMENT_TARGET = 16.0;
				MARKETING_VERSION = 1.0;
				PRODUCT_BUNDLE_IDENTIFIER = "com.timspecht.Weather-AppTests";
				PRODUCT_NAME = "$(TARGET_NAME)";
				SWIFT_EMIT_LOC_STRINGS = NO;
				SWIFT_VERSION = 5.0;
				TARGETED_DEVICE_FAMILY = "1,2";
				TEST_HOST = "$(BUILT_PRODUCTS_DIR)/Weather App.app/$(BUNDLE_EXECUTABLE_FOLDER_PATH)/Weather App";
			};
			name = Debug;
		};
		E60DBDAB29018A4B0077B17A /* Release */ = {
			isa = XCBuildConfiguration;
			baseConfigurationReference = 9EFDE4CC34CD1DFEBE54935F /* Pods-Weather AppTests.release.xcconfig */;
			buildSettings = {
				ALWAYS_EMBED_SWIFT_STANDARD_LIBRARIES = YES;
				BUNDLE_LOADER = "$(TEST_HOST)";
				CODE_SIGN_STYLE = Automatic;
				CURRENT_PROJECT_VERSION = 1;
				GENERATE_INFOPLIST_FILE = YES;
				IPHONEOS_DEPLOYMENT_TARGET = 16.0;
				MARKETING_VERSION = 1.0;
				PRODUCT_BUNDLE_IDENTIFIER = "com.timspecht.Weather-AppTests";
				PRODUCT_NAME = "$(TARGET_NAME)";
				SWIFT_EMIT_LOC_STRINGS = NO;
				SWIFT_VERSION = 5.0;
				TARGETED_DEVICE_FAMILY = "1,2";
				TEST_HOST = "$(BUILT_PRODUCTS_DIR)/Weather App.app/$(BUNDLE_EXECUTABLE_FOLDER_PATH)/Weather App";
			};
			name = Release;
		};
		E60DBDAD29018A4B0077B17A /* Debug */ = {
			isa = XCBuildConfiguration;
			baseConfigurationReference = 82CCE448D0F7FC6DB4001D8D /* Pods-Weather App-Weather AppUITests.debug.xcconfig */;
			buildSettings = {
				ALWAYS_EMBED_SWIFT_STANDARD_LIBRARIES = YES;
				CODE_SIGN_STYLE = Automatic;
				CURRENT_PROJECT_VERSION = 1;
				GENERATE_INFOPLIST_FILE = YES;
				MARKETING_VERSION = 1.0;
				PRODUCT_BUNDLE_IDENTIFIER = "com.timspecht.Weather-AppUITests";
				PRODUCT_NAME = "$(TARGET_NAME)";
				SWIFT_EMIT_LOC_STRINGS = NO;
				SWIFT_VERSION = 5.0;
				TARGETED_DEVICE_FAMILY = "1,2";
				TEST_TARGET_NAME = "Weather App";
			};
			name = Debug;
		};
		E60DBDAE29018A4B0077B17A /* Release */ = {
			isa = XCBuildConfiguration;
			baseConfigurationReference = 5091711C8BBC5245C1D4B162 /* Pods-Weather App-Weather AppUITests.release.xcconfig */;
			buildSettings = {
				ALWAYS_EMBED_SWIFT_STANDARD_LIBRARIES = YES;
				CODE_SIGN_STYLE = Automatic;
				CURRENT_PROJECT_VERSION = 1;
				GENERATE_INFOPLIST_FILE = YES;
				MARKETING_VERSION = 1.0;
				PRODUCT_BUNDLE_IDENTIFIER = "com.timspecht.Weather-AppUITests";
				PRODUCT_NAME = "$(TARGET_NAME)";
				SWIFT_EMIT_LOC_STRINGS = NO;
				SWIFT_VERSION = 5.0;
				TARGETED_DEVICE_FAMILY = "1,2";
				TEST_TARGET_NAME = "Weather App";
			};
			name = Release;
		};
/* End XCBuildConfiguration section */

/* Begin XCConfigurationList section */
		E60DBD7729018A4A0077B17A /* Build configuration list for PBXProject "Weather App" */ = {
			isa = XCConfigurationList;
			buildConfigurations = (
				E60DBDA429018A4B0077B17A /* Debug */,
				E60DBDA529018A4B0077B17A /* Release */,
			);
			defaultConfigurationIsVisible = 0;
			defaultConfigurationName = Release;
		};
		E60DBDA629018A4B0077B17A /* Build configuration list for PBXNativeTarget "Weather App" */ = {
			isa = XCConfigurationList;
			buildConfigurations = (
				E60DBDA729018A4B0077B17A /* Debug */,
				E60DBDA829018A4B0077B17A /* Release */,
			);
			defaultConfigurationIsVisible = 0;
			defaultConfigurationName = Release;
		};
		E60DBDA929018A4B0077B17A /* Build configuration list for PBXNativeTarget "Weather AppTests" */ = {
			isa = XCConfigurationList;
			buildConfigurations = (
				E60DBDAA29018A4B0077B17A /* Debug */,
				E60DBDAB29018A4B0077B17A /* Release */,
			);
			defaultConfigurationIsVisible = 0;
			defaultConfigurationName = Release;
		};
		E60DBDAC29018A4B0077B17A /* Build configuration list for PBXNativeTarget "Weather AppUITests" */ = {
			isa = XCConfigurationList;
			buildConfigurations = (
				E60DBDAD29018A4B0077B17A /* Debug */,
				E60DBDAE29018A4B0077B17A /* Release */,
			);
			defaultConfigurationIsVisible = 0;
			defaultConfigurationName = Release;
		};
/* End XCConfigurationList section */
	};
	rootObject = E60DBD7429018A4A0077B17A /* Project object */;
}
